
Microsoft Visual Studio Solution File, Format Version 12.00
# Visual Studio Version 17
VisualStudioVersion = 17.3.32825.248
MinimumVisualStudioVersion = 10.0.40219.1
Project("{FAE04EC0-301F-11D3-BF4B-00C04F79EFBC}") = "Devs2Blu.ProjetosAula.SistemaCadastro.Forms", "src\Devs2Blu.ProjetosAula.SistemaCadastro.Forms\Devs2Blu.ProjetosAula.SistemaCadastro.Forms.csproj", "{0D775189-BD7D-45A4-B195-FACF6CC59530}"
EndProject
Project("{FAE04EC0-301F-11D3-BF4B-00C04F79EFBC}") = "Devs2Blu.ProjetosAula.SistemaCadastro.Models", "src\Devs2Blu.ProjetosAula.OOP3.Models\Devs2Blu.ProjetosAula.SistemaCadastro.Models.csproj", "{A9392442-A845-4591-A5A5-195898C026E7}"
EndProject
Global
	GlobalSection(SolutionConfigurationPlatforms) = preSolution
		Debug|Any CPU = Debug|Any CPU
		Release|Any CPU = Release|Any CPU
	EndGlobalSection
	GlobalSection(ProjectConfigurationPlatforms) = postSolution
		{0D775189-BD7D-45A4-B195-FACF6CC59530}.Debug|Any CPU.ActiveCfg = Debug|Any CPU
		{0D775189-BD7D-45A4-B195-FACF6CC59530}.Debug|Any CPU.Build.0 = Debug|Any CPU
		{0D775189-BD7D-45A4-B195-FACF6CC59530}.Release|Any CPU.ActiveCfg = Release|Any CPU
		{0D775189-BD7D-45A4-B195-FACF6CC59530}.Release|Any CPU.Build.0 = Release|Any CPU
		{A9392442-A845-4591-A5A5-195898C026E7}.Debug|Any CPU.ActiveCfg = Debug|Any CPU
		{A9392442-A845-4591-A5A5-195898C026E7}.Debug|Any CPU.Build.0 = Debug|Any CPU
		{A9392442-A845-4591-A5A5-195898C026E7}.Release|Any CPU.ActiveCfg = Release|Any CPU
		{A9392442-A845-4591-A5A5-195898C026E7}.Release|Any CPU.Build.0 = Release|Any CPU
	EndGlobalSection
	GlobalSection(SolutionProperties) = preSolution
		HideSolutionNode = FALSE
	EndGlobalSection
	GlobalSection(ExtensibilityGlobals) = postSolution
		SolutionGuid = {59F5C821-7643-4601-9726-16FB89C2EC1F}
	EndGlobalSection
EndGlobal
